
Microsoft Visual Studio Solution File, Format Version 12.00
# Visual Studio Version 17
VisualStudioVersion = 17.3.32825.248
MinimumVisualStudioVersion = 10.0.40219.1
Project("{FAE04EC0-301F-11D3-BF4B-00C04F79EFBC}") = "AddressBook", "AddressBook\AddressBook.csproj", "{32C62091-FAF4-483A-9746-01D54A713876}"
EndProject
Global
	GlobalSection(SolutionConfigurationPlatforms) = preSolution
		Debug|Any CPU = Debug|Any CPU
		Release|Any CPU = Release|Any CPU
	EndGlobalSection
	GlobalSection(ProjectConfigurationPlatforms) = postSolution
		{32C62091-FAF4-483A-9746-01D54A713876}.Debug|Any CPU.ActiveCfg = Debug|Any CPU
		{32C62091-FAF4-483A-9746-01D54A713876}.Debug|Any CPU.Build.0 = Debug|Any CPU
		{32C62091-FAF4-483A-9746-01D54A713876}.Release|Any CPU.ActiveCfg = Release|Any CPU
		{32C62091-FAF4-483A-9746-01D54A713876}.Release|Any CPU.Build.0 = Release|Any CPU
	EndGlobalSection
	GlobalSection(SolutionProperties) = preSolution
		HideSolutionNode = FALSE
	EndGlobalSection
	GlobalSection(ExtensibilityGlobals) = postSolution
		SolutionGuid = {A37DC2CB-9F43-415F-B1C2-3A17679F0FBC}
	EndGlobalSection
EndGlobal
